Microsoft Visual Studio Solution File, Format Version 12.00
# Visual Studio Version 17
VisualStudioVersion = 17.5.2.0
MinimumVisualStudioVersion = 10.0.40219.1
Project("{FAE04EC0-301F-11D3-BF4B-00C04F79EFBC}") = "ControllAPI", "ControllAPI.csproj", "{8A2D110D-6FA7-F4C9-DA43-1200C1D41998}"
EndProject
Global
	GlobalSection(SolutionConfigurationPlatforms) = preSolution
		Debug|Any CPU = Debug|Any CPU
		Release|Any CPU = Release|Any CPU
	EndGlobalSection
	GlobalSection(ProjectConfigurationPlatforms) = postSolution
		{8A2D110D-6FA7-F4C9-DA43-1200C1D41998}.Debug|Any CPU.ActiveCfg = Debug|Any CPU
		{8A2D110D-6FA7-F4C9-DA43-1200C1D41998}.Debug|Any CPU.Build.0 = Debug|Any CPU
		{8A2D110D-6FA7-F4C9-DA43-1200C1D41998}.Release|Any CPU.ActiveCfg = Release|Any CPU
		{8A2D110D-6FA7-F4C9-DA43-1200C1D41998}.Release|Any CPU.Build.0 = Release|Any CPU
	EndGlobalSection
	GlobalSection(SolutionProperties) = preSolution
		HideSolutionNode = FALSE
	EndGlobalSection
	GlobalSection(ExtensibilityGlobals) = postSolution
		SolutionGuid = {ADA33305-CD93-4759-A964-B4F28277EE37}
	EndGlobalSection
EndGlobal
